
Microsoft Visual Studio Solution File, Format Version 12.00
# Visual Studio 15
VisualStudioVersion = 15.0.28307.539
MinimumVisualStudioVersion = 10.0.40219.1
Project("{FAE04EC0-301F-11D3-BF4B-00C04F79EFBC}") = "Bai5_1621050727_DinhThiHaiYen", "Bai5_1621050727_DinhThiHaiYen\Bai5_1621050727_DinhThiHaiYen.csproj", "{650A4866-A473-49E0-83B5-5FBB5904A23B}"
EndProject
Global
	GlobalSection(SolutionConfigurationPlatforms) = preSolution
		Debug|Any CPU = Debug|Any CPU
		Release|Any CPU = Release|Any CPU
	EndGlobalSection
	GlobalSection(ProjectConfigurationPlatforms) = postSolution
		{650A4866-A473-49E0-83B5-5FBB5904A23B}.Debug|Any CPU.ActiveCfg = Debug|Any CPU
		{650A4866-A473-49E0-83B5-5FBB5904A23B}.Debug|Any CPU.Build.0 = Debug|Any CPU
		{650A4866-A473-49E0-83B5-5FBB5904A23B}.Release|Any CPU.ActiveCfg = Release|Any CPU
		{650A4866-A473-49E0-83B5-5FBB5904A23B}.Release|Any CPU.Build.0 = Release|Any CPU
	EndGlobalSection
	GlobalSection(SolutionProperties) = preSolution
		HideSolutionNode = FALSE
	EndGlobalSection
	GlobalSection(ExtensibilityGlobals) = postSolution
		SolutionGuid = {AA9F3F8F-9560-4B00-AB83-17AEAF971A63}
	EndGlobalSection
EndGlobal
